
Microsoft Visual Studio Solution File, Format Version 12.00
# Visual Studio Version 17
VisualStudioVersion = 17.9.34701.34
MinimumVisualStudioVersion = 15.0.26124.0
Project("{9A19103F-16F7-4668-BE54-9A1E7A4F7556}") = "AutoFinance.Broker", "AutoFinance.Broker\AutoFinance.Broker.csproj", "{C1881ABC-5F92-4B02-88CF-7E4DB511B6EE}"
EndProject
Project("{9A19103F-16F7-4668-BE54-9A1E7A4F7556}") = "AutoFinance.Broker.IntegrationTests", "AutoFinance.Broker.IntegrationTests\AutoFinance.Broker.IntegrationTests.csproj", "{79A6D17B-0CCC-4FAD-95DD-3B8609D483C2}"
EndProject
Project("{9A19103F-16F7-4668-BE54-9A1E7A4F7556}") = "AutoFinance.Broker.UnitTests", "AutoFinance.Broker.UnitTests\AutoFinance.Broker.UnitTests.csproj", "{3E73FA1A-B9DE-4300-9E2B-12D1893B4E8E}"
EndProject
Project("{9A19103F-16F7-4668-BE54-9A1E7A4F7556}") = "InteractiveBrokers.TwsClient", "InteractiveBrokers.TwsClient\InteractiveBrokers.TwsClient.csproj", "{BE07C13E-2846-43D2-A5B9-3E6980D5D2A2}"
EndProject
Global
	GlobalSection(SolutionConfigurationPlatforms) = preSolution
		Debug|Any CPU = Debug|Any CPU
		Debug|x64 = Debug|x64
		Debug|x86 = Debug|x86
		Release|Any CPU = Release|Any CPU
		Release|x64 = Release|x64
		Release|x86 = Release|x86
	EndGlobalSection
	GlobalSection(ProjectConfigurationPlatforms) = postSolution
		{C1881ABC-5F92-4B02-88CF-7E4DB511B6EE}.Debug|Any CPU.ActiveCfg = Debug|Any CPU
		{C1881ABC-5F92-4B02-88CF-7E4DB511B6EE}.Debug|Any CPU.Build.0 = Debug|Any CPU
		{C1881ABC-5F92-4B02-88CF-7E4DB511B6EE}.Debug|x64.ActiveCfg = Debug|Any CPU
		{C1881ABC-5F92-4B02-88CF-7E4DB511B6EE}.Debug|x64.Build.0 = Debug|Any CPU
		{C1881ABC-5F92-4B02-88CF-7E4DB511B6EE}.Debug|x86.ActiveCfg = Debug|Any CPU
		{C1881ABC-5F92-4B02-88CF-7E4DB511B6EE}.Debug|x86.Build.0 = Debug|Any CPU
		{C1881ABC-5F92-4B02-88CF-7E4DB511B6EE}.Release|Any CPU.ActiveCfg = Release|Any CPU
		{C1881ABC-5F92-4B02-88CF-7E4DB511B6EE}.Release|Any CPU.Build.0 = Release|Any CPU
		{C1881ABC-5F92-4B02-88CF-7E4DB511B6EE}.Release|x64.ActiveCfg = Release|Any CPU
		{C1881ABC-5F92-4B02-88CF-7E4DB511B6EE}.Release|x64.Build.0 = Release|Any CPU
		{C1881ABC-5F92-4B02-88CF-7E4DB511B6EE}.Release|x86.ActiveCfg = Release|Any CPU
		{C1881ABC-5F92-4B02-88CF-7E4DB511B6EE}.Release|x86.Build.0 = Release|Any CPU
		{79A6D17B-0CCC-4FAD-95DD-3B8609D483C2}.Debug|Any CPU.ActiveCfg = Debug|Any CPU
		{79A6D17B-0CCC-4FAD-95DD-3B8609D483C2}.Debug|Any CPU.Build.0 = Debug|Any CPU
		{79A6D17B-0CCC-4FAD-95DD-3B8609D483C2}.Debug|x64.ActiveCfg = Debug|Any CPU
		{79A6D17B-0CCC-4FAD-95DD-3B8609D483C2}.Debug|x64.Build.0 = Debug|Any CPU
		{79A6D17B-0CCC-4FAD-95DD-3B8609D483C2}.Debug|x86.ActiveCfg = Debug|Any CPU
		{79A6D17B-0CCC-4FAD-95DD-3B8609D483C2}.Debug|x86.Build.0 = Debug|Any CPU
		{79A6D17B-0CCC-4FAD-95DD-3B8609D483C2}.Release|Any CPU.ActiveCfg = Release|Any CPU
		{79A6D17B-0CCC-4FAD-95DD-3B8609D483C2}.Release|Any CPU.Build.0 = Release|Any CPU
		{79A6D17B-0CCC-4FAD-95DD-3B8609D483C2}.Release|x64.ActiveCfg = Release|Any CPU
		{79A6D17B-0CCC-4FAD-95DD-3B8609D483C2}.Release|x64.Build.0 = Release|Any CPU
		{79A6D17B-0CCC-4FAD-95DD-3B8609D483C2}.Release|x86.ActiveCfg = Release|Any CPU
		{79A6D17B-0CCC-4FAD-95DD-3B8609D483C2}.Release|x86.Build.0 = Release|Any CPU
		{3E73FA1A-B9DE-4300-9E2B-12D1893B4E8E}.Debug|Any CPU.ActiveCfg = Debug|Any CPU
		{3E73FA1A-B9DE-4300-9E2B-12D1893B4E8E}.Debug|Any CPU.Build.0 = Debug|Any CPU
		{3E73FA1A-B9DE-4300-9E2B-12D1893B4E8E}.Debug|x64.ActiveCfg = Debug|Any CPU
		{3E73FA1A-B9DE-4300-9E2B-12D1893B4E8E}.Debug|x64.Build.0 = Debug|Any CPU
		{3E73FA1A-B9DE-4300-9E2B-12D1893B4E8E}.Debug|x86.ActiveCfg = Debug|Any CPU
		{3E73FA1A-B9DE-4300-9E2B-12D1893B4E8E}.Debug|x86.Build.0 = Debug|Any CPU
		{3E73FA1A-B9DE-4300-9E2B-12D1893B4E8E}.Release|Any CPU.ActiveCfg = Release|Any CPU
		{3E73FA1A-B9DE-4300-9E2B-12D1893B4E8E}.Release|Any CPU.Build.0 = Release|Any CPU
		{3E73FA1A-B9DE-4300-9E2B-12D1893B4E8E}.Release|x64.ActiveCfg = Release|Any CPU
		{3E73FA1A-B9DE-4300-9E2B-12D1893B4E8E}.Release|x64.Build.0 = Release|Any CPU
		{3E73FA1A-B9DE-4300-9E2B-12D1893B4E8E}.Release|x86.ActiveCfg = Release|Any CPU
		{3E73FA1A-B9DE-4300-9E2B-12D1893B4E8E}.Release|x86.Build.0 = Release|Any CPU
		{BE07C13E-2846-43D2-A5B9-3E6980D5D2A2}.Debug|Any CPU.ActiveCfg = Debug|Any CPU
		{BE07C13E-2846-43D2-A5B9-3E6980D5D2A2}.Debug|Any CPU.Build.0 = Debug|Any CPU
		{BE07C13E-2846-43D2-A5B9-3E6980D5D2A2}.Debug|x64.ActiveCfg = Debug|Any CPU
		{BE07C13E-2846-43D2-A5B9-3E6980D5D2A2}.Debug|x64.Build.0 = Debug|Any CPU
		{BE07C13E-2846-43D2-A5B9-3E6980D5D2A2}.Debug|x86.ActiveCfg = Debug|Any CPU
		{BE07C13E-2846-43D2-A5B9-3E6980D5D2A2}.Debug|x86.Build.0 = Debug|Any CPU
		{BE07C13E-2846-43D2-A5B9-3E6980D5D2A2}.Release|Any CPU.ActiveCfg = Release|Any CPU
		{BE07C13E-2846-43D2-A5B9-3E6980D5D2A2}.Release|Any CPU.Build.0 = Release|Any CPU
		{BE07C13E-2846-43D2-A5B9-3E6980D5D2A2}.Release|x64.ActiveCfg = Release|Any CPU
		{BE07C13E-2846-43D2-A5B9-3E6980D5D2A2}.Release|x64.Build.0 = Release|Any CPU
		{BE07C13E-2846-43D2-A5B9-3E6980D5D2A2}.Release|x86.ActiveCfg = Release|Any CPU
		{BE07C13E-2846-43D2-A5B9-3E6980D5D2A2}.Release|x86.Build.0 = Release|Any CPU
	EndGlobalSection
	GlobalSection(SolutionProperties) = preSolution
		HideSolutionNode = FALSE
	EndGlobalSection
	GlobalSection(ExtensibilityGlobals) = postSolution
		SolutionGuid = {A6CB732A-0614-44CD-A2E6-8A85535EA667}
	EndGlobalSection
EndGlobal
